
Microsoft Visual Studio Solution File, Format Version 12.00
# Visual Studio 15
VisualStudioVersion = 15.0.26124.0
MinimumVisualStudioVersion = 15.0.26124.0
Project("{2150E333-8FDC-42A3-9474-1A3956D46DE8}") = "src", "src", "{2D6B7191-C912-4845-AD15-6621B320817A}"
EndProject
Project("{F2A71F9B-5D33-465A-A702-920D77279786}") = "SelectXmlExtensions", "src\SelectXmlExtensions\SelectXmlExtensions.fsproj", "{59E6F46A-7B4A-47EB-8B97-8B141F7E4C8A}"
EndProject
Global
	GlobalSection(SolutionConfigurationPlatforms) = preSolution
		Debug|Any CPU = Debug|Any CPU
		Debug|x64 = Debug|x64
		Debug|x86 = Debug|x86
		Release|Any CPU = Release|Any CPU
		Release|x64 = Release|x64
		Release|x86 = Release|x86
	EndGlobalSection
	GlobalSection(SolutionProperties) = preSolution
		HideSolutionNode = FALSE
	EndGlobalSection
	GlobalSection(ProjectConfigurationPlatforms) = postSolution
		{59E6F46A-7B4A-47EB-8B97-8B141F7E4C8A}.Debug|Any CPU.ActiveCfg = Debug|Any CPU
		{59E6F46A-7B4A-47EB-8B97-8B141F7E4C8A}.Debug|Any CPU.Build.0 = Debug|Any CPU
		{59E6F46A-7B4A-47EB-8B97-8B141F7E4C8A}.Debug|x64.ActiveCfg = Debug|Any CPU
		{59E6F46A-7B4A-47EB-8B97-8B141F7E4C8A}.Debug|x64.Build.0 = Debug|Any CPU
		{59E6F46A-7B4A-47EB-8B97-8B141F7E4C8A}.Debug|x86.ActiveCfg = Debug|Any CPU
		{59E6F46A-7B4A-47EB-8B97-8B141F7E4C8A}.Debug|x86.Build.0 = Debug|Any CPU
		{59E6F46A-7B4A-47EB-8B97-8B141F7E4C8A}.Release|Any CPU.ActiveCfg = Release|Any CPU
		{59E6F46A-7B4A-47EB-8B97-8B141F7E4C8A}.Release|Any CPU.Build.0 = Release|Any CPU
		{59E6F46A-7B4A-47EB-8B97-8B141F7E4C8A}.Release|x64.ActiveCfg = Release|Any CPU
		{59E6F46A-7B4A-47EB-8B97-8B141F7E4C8A}.Release|x64.Build.0 = Release|Any CPU
		{59E6F46A-7B4A-47EB-8B97-8B141F7E4C8A}.Release|x86.ActiveCfg = Release|Any CPU
		{59E6F46A-7B4A-47EB-8B97-8B141F7E4C8A}.Release|x86.Build.0 = Release|Any CPU
	EndGlobalSection
	GlobalSection(NestedProjects) = preSolution
		{59E6F46A-7B4A-47EB-8B97-8B141F7E4C8A} = {2D6B7191-C912-4845-AD15-6621B320817A}
	EndGlobalSection
EndGlobal
